
Microsoft Visual Studio Solution File, Format Version 12.00
# Visual Studio Version 17
VisualStudioVersion = 17.13.35931.197 d17.13
MinimumVisualStudioVersion = 10.0.40219.1
Project("{FAE04EC0-301F-11D3-BF4B-00C04F79EFBC}") = "Basic_WebAPI", "Basic_WebAPI\Basic_WebAPI.csproj", "{D3349AD5-60D1-4518-846D-5DF752547BEB}"
EndProject
Global
	GlobalSection(SolutionConfigurationPlatforms) = preSolution
		Debug|Any CPU = Debug|Any CPU
		Release|Any CPU = Release|Any CPU
	EndGlobalSection
	GlobalSection(ProjectConfigurationPlatforms) = postSolution
		{D3349AD5-60D1-4518-846D-5DF752547BEB}.Debug|Any CPU.ActiveCfg = Debug|Any CPU
		{D3349AD5-60D1-4518-846D-5DF752547BEB}.Debug|Any CPU.Build.0 = Debug|Any CPU
		{D3349AD5-60D1-4518-846D-5DF752547BEB}.Release|Any CPU.ActiveCfg = Release|Any CPU
		{D3349AD5-60D1-4518-846D-5DF752547BEB}.Release|Any CPU.Build.0 = Release|Any CPU
	EndGlobalSection
	GlobalSection(SolutionProperties) = preSolution
		HideSolutionNode = FALSE
	EndGlobalSection
	GlobalSection(ExtensibilityGlobals) = postSolution
		SolutionGuid = {F62AFCF8-A3D6-4787-AED4-7A05328925FA}
	EndGlobalSection
EndGlobal
